lockfileVersion: 5.4

specifiers:
  '@playwright/test': ^1.30.0
  '@types/node': ^18.14.2
  fs: 0.0.1-security

dependencies:
  fs: 0.0.1-security

devDependencies:
  '@playwright/test': 1.30.0
  '@types/node': 18.14.2

packages:

  /@playwright/test/1.30.0:
    resolution: {integrity: sha512-SVxkQw1xvn/Wk/EvBnqWIq6NLo1AppwbYOjNLmyU0R1RoQ3rLEBtmjTnElcnz8VEtn11fptj1ECxK0tgURhajw==}
    engines: {node: '>=14'}
    hasBin: true
    dependencies:
      '@types/node': 18.14.2
      playwright-core: 1.30.0
    dev: true

  /@types/node/18.14.2:
    resolution: {integrity: sha512-1uEQxww3DaghA0RxqHx0O0ppVlo43pJhepY51OxuQIKHpjbnYLA7vcdwioNPzIqmC2u3I/dmylcqjlh0e7AyUA==}
    dev: true

  /fs/0.0.1-security:
    resolution: {integrity: sha512-3XY9e1pP0CVEUCdj5BmfIZxRBTSDycnbqhIOGec9QYtmVH2fbLpj86CFWkrNOkt/Fvty4KZG5lTglL9j/gJ87w==}
    dev: false

  /playwright-core/1.30.0:
    resolution: {integrity: sha512-7AnRmTCf+GVYhHbLJsGUtskWTE33SwMZkybJ0v6rqR1boxq2x36U7p1vDRV7HO2IwTZgmycracLxPEJI49wu4g==}
    engines: {node: '>=14'}
    hasBin: true
    dev: true
